
Microsoft Visual Studio Solution File, Format Version 12.00
# Visual Studio Version 17
VisualStudioVersion = 17.11.35222.181
MinimumVisualStudioVersion = 10.0.40219.1
Project("{FAE04EC0-301F-11D3-BF4B-00C04F79EFBC}") = "WinFormsApp2", "WinFormsApp2\WinFormsApp2.csproj", "{0EC86370-02F4-4B7F-9A3A-B6DDA0A883B6}"
EndProject
Global
	GlobalSection(SolutionConfigurationPlatforms) = preSolution
		Debug|Any CPU = Debug|Any CPU
		Release|Any CPU = Release|Any CPU
	EndGlobalSection
	GlobalSection(ProjectConfigurationPlatforms) = postSolution
		{0EC86370-02F4-4B7F-9A3A-B6DDA0A883B6}.Debug|Any CPU.ActiveCfg = Debug|Any CPU
		{0EC86370-02F4-4B7F-9A3A-B6DDA0A883B6}.Debug|Any CPU.Build.0 = Debug|Any CPU
		{0EC86370-02F4-4B7F-9A3A-B6DDA0A883B6}.Release|Any CPU.ActiveCfg = Release|Any CPU
		{0EC86370-02F4-4B7F-9A3A-B6DDA0A883B6}.Release|Any CPU.Build.0 = Release|Any CPU
	EndGlobalSection
	GlobalSection(SolutionProperties) = preSolution
		HideSolutionNode = FALSE
	EndGlobalSection
	GlobalSection(ExtensibilityGlobals) = postSolution
		SolutionGuid = {44C98A32-F278-47A3-B8D2-9A7FDEC600DB}
	EndGlobalSection
EndGlobal
